// !$*UTF8*$!
{
	archiveVersion = 1;
	classes = {
	};
	objectVersion = 50;
	objects = {

/* Begin PBXBuildFile section */
		26C4E82B26A40A5F0087A953 /* AppDelegate.swift in Sources */ = {isa = PBXBuildFile; fileRef = 26C4E82A26A40A5F0087A953 /* AppDelegate.swift */; };
		26C4E82D26A40A5F0087A953 /* SceneDelegate.swift in Sources */ = {isa = PBXBuildFile; fileRef = 26C4E82C26A40A5F0087A953 /* SceneDelegate.swift */; };
		26C4E82F26A40A5F0087A953 /* ContentView.swift in Sources */ = {isa = PBXBuildFile; fileRef = 26C4E82E26A40A5F0087A953 /* ContentView.swift */; };
		26C4E83126A40A620087A953 /* Assets.xcassets in Resources */ = {isa = PBXBuildFile; fileRef = 26C4E83026A40A620087A953 /* Assets.xcassets */; };
		26C4E83426A40A620087A953 /* Preview Assets.xcassets in Resources */ = {isa = PBXBuildFile; fileRef = 26C4E83326A40A620087A953 /* Preview Assets.xcassets */; };
		26C4E83726A40A620087A953 /* LaunchScreen.storyboard in Resources */ = {isa = PBXBuildFile; fileRef = 26C4E83526A40A620087A953 /* LaunchScreen.storyboard */; };
		26C4E84226A40A630087A953 /* ChattingAppTests.swift in Sources */ = {isa = PBXBuildFile; fileRef = 26C4E84126A40A630087A953 /* ChattingAppTests.swift */; };
		26C4E84D26A40A630087A953 /* ChattingAppUITests.swift in Sources */ = {isa = PBXBuildFile; fileRef = 26C4E84C26A40A630087A953 /* ChattingAppUITests.swift */; };
		26C4E85E26A40ACE0087A953 /* MessagesView.swift in Sources */ = {isa = PBXBuildFile; fileRef = 26C4E85D26A40ACE0087A953 /* MessagesView.swift */; };
/* End PBXBuildFile section */

/* Begin PBXContainerItemProxy section */
		26C4E83E26A40A630087A953 /* PBXContainerItemProxy */ = {
			isa = PBXContainerItemProxy;
			containerPortal = 26C4E81F26A40A5F0087A953 /* Project object */;
			proxyType = 1;
			remoteGlobalIDString = 26C4E82626A40A5F0087A953;
			remoteInfo = ChattingApp;
		};
		26C4E84926A40A630087A953 /* PBXContainerItemProxy */ = {
			isa = PBXContainerItemProxy;
			containerPortal = 26C4E81F26A40A5F0087A953 /* Project object */;
			proxyType = 1;
			remoteGlobalIDString = 26C4E82626A40A5F0087A953;
			remoteInfo = ChattingApp;
		};
/* End PBXContainerItemProxy section */

/* Begin PBXFileReference section */
		26C4E82726A40A5F0087A953 /* ChattingApp.app */ = {isa = PBXFileReference; explicitFileType = wrapper.application; includeInIndex = 0; path = ChattingApp.app; sourceTree = BUILT_PRODUCTS_DIR; };
		26C4E82A26A40A5F0087A953 /* AppDelegate.swift */ = {isa = PBXFileReference; lastKnownFileType = sourcecode.swift; path = AppDelegate.swift; sourceTree = "<group>"; };
		26C4E82C26A40A5F0087A953 /* SceneDelegate.swift */ = {isa = PBXFileReference; lastKnownFileType = sourcecode.swift; path = SceneDelegate.swift; sourceTree = "<group>"; };
		26C4E82E26A40A5F0087A953 /* ContentView.swift */ = {isa = PBXFileReference; lastKnownFileType = sourcecode.swift; path = ContentView.swift; sourceTree = "<group>"; };
		26C4E83026A40A620087A953 /* Assets.xcassets */ = {isa = PBXFileReference; lastKnownFileType = folder.assetcatalog; path = Assets.xcassets; sourceTree = "<group>"; };
		26C4E83326A40A620087A953 /* Preview Assets.xcassets */ = {isa = PBXFileReference; lastKnownFileType = folder.assetcatalog; path = "Preview Assets.xcassets"; sourceTree = "<group>"; };
		26C4E83626A40A620087A953 /* Base */ = {isa = PBXFileReference; lastKnownFileType = file.storyboard; name = Base; path = Base.lproj/LaunchScreen.storyboard; sourceTree = "<group>"; };
		26C4E83826A40A620087A953 /* Info.plist */ = {isa = PBXFileReference; lastKnownFileType = text.plist.xml; path = Info.plist; sourceTree = "<group>"; };
		26C4E83D26A40A630087A953 /* ChattingAppTests.xctest */ = {isa = PBXFileReference; explicitFileType = wrapper.cfbundle; includeInIndex = 0; path = ChattingAppTests.xctest; sourceTree = BUILT_PRODUCTS_DIR; };
		26C4E84126A40A630087A953 /* ChattingAppTests.swift */ = {isa = PBXFileReference; lastKnownFileType = sourcecode.swift; path = ChattingAppTests.swift; sourceTree = "<group>"; };
		26C4E84326A40A630087A953 /* Info.plist */ = {isa = PBXFileReference; lastKnownFileType = text.plist.xml; path = Info.plist; sourceTree = "<group>"; };
		26C4E84826A40A630087A953 /* ChattingAppUITests.xctest */ = {isa = PBXFileReference; explicitFileType = wrapper.cfbundle; includeInIndex = 0; path = ChattingAppUITests.xctest; sourceTree = BUILT_PRODUCTS_DIR; };
		26C4E84C26A40A630087A953 /* ChattingAppUITests.swift */ = {isa = PBXFileReference; lastKnownFileType = sourcecode.swift; path = ChattingAppUITests.swift; sourceTree = "<group>"; };
		26C4E84E26A40A630087A953 /* Info.plist */ = {isa = PBXFileReference; lastKnownFileType = text.plist.xml; path = Info.plist; sourceTree = "<group>"; };
		26C4E85D26A40ACE0087A953 /* MessagesView.swift */ = {isa = PBXFileReference; lastKnownFileType = sourcecode.swift; path = MessagesView.swift; sourceTree = "<group>"; };
/* End PBXFileReference section */

/* Begin PBXFrameworksBuildPhase section */
		26C4E82426A40A5F0087A953 /* Frameworks */ = {
			isa = PBXFrameworksBuildPhase;
			buildActionMask = 2147483647;
			files = (
			);
			runOnlyForDeploymentPostprocessing = 0;
		};
		26C4E83A26A40A630087A953 /* Frameworks */ = {
			isa = PBXFrameworksBuildPhase;
			buildActionMask = 2147483647;
			files = (
			);
			runOnlyForDeploymentPostprocessing = 0;
		};
		26C4E84526A40A630087A953 /* Frameworks */ = {
			isa = PBXFrameworksBuildPhase;
			buildActionMask = 2147483647;
			files = (
			);
			runOnlyForDeploymentPostprocessing = 0;
		};
/* End PBXFrameworksBuildPhase section */

/* Begin PBXGroup section */
		26C4E81E26A40A5F0087A953 = {
			isa = PBXGroup;
			children = (
				26C4E82926A40A5F0087A953 /* ChattingApp */,
				26C4E84026A40A630087A953 /* ChattingAppTests */,
				26C4E84B26A40A630087A953 /* ChattingAppUITests */,
				26C4E82826A40A5F0087A953 /* Products */,
			);
			sourceTree = "<group>";
		};
		26C4E82826A40A5F0087A953 /* Products */ = {
			isa = PBXGroup;
			children = (
				26C4E82726A40A5F0087A953 /* ChattingApp.app */,
				26C4E83D26A40A630087A953 /* ChattingAppTests.xctest */,
				26C4E84826A40A630087A953 /* ChattingAppUITests.xctest */,
			);
			name = Products;
			sourceTree = "<group>";
		};
		26C4E82926A40A5F0087A953 /* ChattingApp */ = {
			isa = PBXGroup;
			children = (
				26C4E82A26A40A5F0087A953 /* AppDelegate.swift */,
				26C4E82C26A40A5F0087A953 /* SceneDelegate.swift */,
				26C4E82E26A40A5F0087A953 /* ContentView.swift */,
				26C4E85D26A40ACE0087A953 /* MessagesView.swift */,
				26C4E83026A40A620087A953 /* Assets.xcassets */,
				26C4E83526A40A620087A953 /* LaunchScreen.storyboard */,
				26C4E83826A40A620087A953 /* Info.plist */,
				26C4E83226A40A620087A953 /* Preview Content */,
			);
			path = ChattingApp;
			sourceTree = "<group>";
		};
		26C4E83226A40A620087A953 /* Preview Content */ = {
			isa = PBXGroup;
			children = (
				26C4E83326A40A620087A953 /* Preview Assets.xcassets */,
			);
			path = "Preview Content";
			sourceTree = "<group>";
		};
		26C4E84026A40A630087A953 /* ChattingAppTests */ = {
			isa = PBXGroup;
			children = (
				26C4E84126A40A630087A953 /* ChattingAppTests.swift */,
				26C4E84326A40A630087A953 /* Info.plist */,
			);
			path = ChattingAppTests;
			sourceTree = "<group>";
		};
		26C4E84B26A40A630087A953 /* ChattingAppUITests */ = {
			isa = PBXGroup;
			children = (
				26C4E84C26A40A630087A953 /* ChattingAppUITests.swift */,
				26C4E84E26A40A630087A953 /* Info.plist */,
			);
			path = ChattingAppUITests;
			sourceTree = "<group>";
		};
/* End PBXGroup section */

/* Begin PBXNativeTarget section */
		26C4E82626A40A5F0087A953 /* ChattingApp */ = {
			isa = PBXNativeTarget;
			buildConfigurationList = 26C4E85126A40A630087A953 /* Build configuration list for PBXNativeTarget "ChattingApp" */;
			buildPhases = (
				26C4E82326A40A5F0087A953 /* Sources */,
				26C4E82426A40A5F0087A953 /* Frameworks */,
				26C4E82526A40A5F0087A953 /* Resources */,
			);
			buildRules = (
			);
			dependencies = (
			);
			name = ChattingApp;
			productName = ChattingApp;
			productReference = 26C4E82726A40A5F0087A953 /* ChattingApp.app */;
			productType = "com.apple.product-type.application";
		};
		26C4E83C26A40A630087A953 /* ChattingAppTests */ = {
			isa = PBXNativeTarget;
			buildConfigurationList = 26C4E85426A40A630087A953 /* Build configuration list for PBXNativeTarget "ChattingAppTests" */;
			buildPhases = (
				26C4E83926A40A630087A953 /* Sources */,
				26C4E83A26A40A630087A953 /* Frameworks */,
				26C4E83B26A40A630087A953 /* Resources */,
			);
			buildRules = (
			);
			dependencies = (
				26C4E83F26A40A630087A953 /* PBXTargetDependency */,
			);
			name = ChattingAppTests;
			productName = ChattingAppTests;
			productReference = 26C4E83D26A40A630087A953 /* ChattingAppTests.xctest */;
			productType = "com.apple.product-type.bundle.unit-test";
		};
		26C4E84726A40A630087A953 /* ChattingAppUITests */ = {
			isa = PBXNativeTarget;
			buildConfigurationList = 26C4E85726A40A630087A953 /* Build configuration list for PBXNativeTarget "ChattingAppUITests" */;
			buildPhases = (
				26C4E84426A40A630087A953 /* Sources */,
				26C4E84526A40A630087A953 /* Frameworks */,
				26C4E84626A40A630087A953 /* Resources */,
			);
			buildRules = (
			);
			dependencies = (
				26C4E84A26A40A630087A953 /* PBXTargetDependency */,
			);
			name = ChattingAppUITests;
			productName = ChattingAppUITests;
			productReference = 26C4E84826A40A630087A953 /* ChattingAppUITests.xctest */;
			productType = "com.apple.product-type.bundle.ui-testing";
		};
/* End PBXNativeTarget section */

/* Begin PBXProject section */
		26C4E81F26A40A5F0087A953 /* Project object */ = {
			isa = PBXProject;
			attributes = {
				LastSwiftUpdateCheck = 1200;
				LastUpgradeCheck = 1200;
				TargetAttributes = {
					26C4E82626A40A5F0087A953 = {
						CreatedOnToolsVersion = 12.0.1;
					};
					26C4E83C26A40A630087A953 = {
						CreatedOnToolsVersion = 12.0.1;
						TestTargetID = 26C4E82626A40A5F0087A953;
					};
					26C4E84726A40A630087A953 = {
						CreatedOnToolsVersion = 12.0.1;
						TestTargetID = 26C4E82626A40A5F0087A953;
					};
				};
			};
			buildConfigurationList = 26C4E82226A40A5F0087A953 /* Build configuration list for PBXProject "ChattingApp" */;
			compatibilityVersion = "Xcode 9.3";
			developmentRegion = en;
			hasScannedForEncodings = 0;
			knownRegions = (
				en,
				Base,
			);
			mainGroup = 26C4E81E26A40A5F0087A953;
			productRefGroup = 26C4E82826A40A5F0087A953 /* Products */;
			projectDirPath = "";
			projectRoot = "";
			targets = (
				26C4E82626A40A5F0087A953 /* ChattingApp */,
				26C4E83C26A40A630087A953 /* ChattingAppTests */,
				26C4E84726A40A630087A953 /* ChattingAppUITests */,
			);
		};
/* End PBXProject section */

/* Begin PBXResourcesBuildPhase section */
		26C4E82526A40A5F0087A953 /* Resources */ = {
			isa = PBXResourcesBuildPhase;
			buildActionMask = 2147483647;
			files = (
				26C4E83726A40A620087A953 /* LaunchScreen.storyboard in Resources */,
				26C4E83426A40A620087A953 /* Preview Assets.xcassets in Resources */,
				26C4E83126A40A620087A953 /* Assets.xcassets in Resources */,
			);
			runOnlyForDeploymentPostprocessing = 0;
		};
		26C4E83B26A40A630087A953 /* Resources */ = {
			isa = PBXResourcesBuildPhase;
			buildActionMask = 2147483647;
			files = (
			);
			runOnlyForDeploymentPostprocessing = 0;
		};
		26C4E84626A40A630087A953 /* Resources */ = {
			isa = PBXResourcesBuildPhase;
			buildActionMask = 2147483647;
			files = (
			);
			runOnlyForDeploymentPostprocessing = 0;
		};
/* End PBXResourcesBuildPhase section */

/* Begin PBXSourcesBuildPhase section */
		26C4E82326A40A5F0087A953 /* Sources */ = {
			isa = PBXSourcesBuildPhase;
			buildActionMask = 2147483647;
			files = (
				26C4E85E26A40ACE0087A953 /* MessagesView.swift in Sources */,
				26C4E82B26A40A5F0087A953 /* AppDelegate.swift in Sources */,
				26C4E82D26A40A5F0087A953 /* SceneDelegate.swift in Sources */,
				26C4E82F26A40A5F0087A953 /* ContentView.swift in Sources */,
			);
			runOnlyForDeploymentPostprocessing = 0;
		};
		26C4E83926A40A630087A953 /* Sources */ = {
			isa = PBXSourcesBuildPhase;
			buildActionMask = 2147483647;
			files = (
				26C4E84226A40A630087A953 /* ChattingAppTests.swift in Sources */,
			);
			runOnlyForDeploymentPostprocessing = 0;
		};
		26C4E84426A40A630087A953 /* Sources */ = {
			isa = PBXSourcesBuildPhase;
			buildActionMask = 2147483647;
			files = (
				26C4E84D26A40A630087A953 /* ChattingAppUITests.swift in Sources */,
			);
			runOnlyForDeploymentPostprocessing = 0;
		};
/* End PBXSourcesBuildPhase section */

/* Begin PBXTargetDependency section */
		26C4E83F26A40A630087A953 /* PBXTargetDependency */ = {
			isa = PBXTargetDependency;
			target = 26C4E82626A40A5F0087A953 /* ChattingApp */;
			targetProxy = 26C4E83E26A40A630087A953 /* PBXContainerItemProxy */;
		};
		26C4E84A26A40A630087A953 /* PBXTargetDependency */ = {
			isa = PBXTargetDependency;
			target = 26C4E82626A40A5F0087A953 /* ChattingApp */;
			targetProxy = 26C4E84926A40A630087A953 /* PBXContainerItemProxy */;
		};
/* End PBXTargetDependency section */

/* Begin PBXVariantGroup section */
		26C4E83526A40A620087A953 /* LaunchScreen.storyboard */ = {
			isa = PBXVariantGroup;
			children = (
				26C4E83626A40A620087A953 /* Base */,
			);
			name = LaunchScreen.storyboard;
			sourceTree = "<group>";
		};
/* End PBXVariantGroup section */

/* Begin XCBuildConfiguration section */
		26C4E84F26A40A630087A953 /* Debug */ = {
			isa = XCBuildConfiguration;
			buildSettings = {
				ALWAYS_SEARCH_USER_PATHS = NO;
				CLANG_ANALYZER_NONNULL = YES;
				CLANG_ANALYZER_NUMBER_OBJECT_CONVERSION = YES_AGGRESSIVE;
				CLANG_CXX_LANGUAGE_STANDARD = "gnu++14";
				CLANG_CXX_LIBRARY = "libc++";
				CLANG_ENABLE_MODULES = YES;
				CLANG_ENABLE_OBJC_ARC = YES;
				CLANG_ENABLE_OBJC_WEAK = YES;
				CLANG_WARN_BLOCK_CAPTURE_AUTORELEASING = YES;
				CLANG_WARN_BOOL_CONVERSION = YES;
				CLANG_WARN_COMMA = YES;
				CLANG_WARN_CONSTANT_CONVERSION = YES;
				CLANG_WARN_DEPRECATED_OBJC_IMPLEMENTATIONS = YES;
				CLANG_WARN_DIRECT_OBJC_ISA_USAGE = YES_ERROR;
				CLANG_WARN_DOCUMENTATION_COMMENTS = YES;
				CLANG_WARN_EMPTY_BODY = YES;
				CLANG_WARN_ENUM_CONVERSION = YES;
				CLANG_WARN_INFINITE_RECURSION = YES;
				CLANG_WARN_INT_CONVERSION = YES;
				CLANG_WARN_NON_LITERAL_NULL_CONVERSION = YES;
				CLANG_WARN_OBJC_IMPLICIT_RETAIN_SELF = YES;
				CLANG_WARN_OBJC_LITERAL_CONVERSION = YES;
				CLANG_WARN_OBJC_ROOT_CLASS = YES_ERROR;
				CLANG_WARN_QUOTED_INCLUDE_IN_FRAMEWORK_HEADER = YES;
				CLANG_WARN_RANGE_LOOP_ANALYSIS = YES;
				CLANG_WARN_STRICT_PROTOTYPES = YES;
				CLANG_WARN_SUSPICIOUS_MOVE = YES;
				CLANG_WARN_UNGUARDED_AVAILABILITY = YES_AGGRESSIVE;
				CLANG_WARN_UNREACHABLE_CODE = YES;
				CLANG_WARN__DUPLICATE_METHOD_MATCH = YES;
				COPY_PHASE_STRIP = NO;
				DEBUG_INFORMATION_FORMAT = dwarf;
				ENABLE_STRICT_OBJC_MSGSEND = YES;
				ENABLE_TESTABILITY = YES;
				GCC_C_LANGUAGE_STANDARD = gnu11;
				GCC_DYNAMIC_NO_PIC = NO;
				GCC_NO_COMMON_BLOCKS = YES;
				GCC_OPTIMIZATION_LEVEL = 0;
				GCC_PREPROCESSOR_DEFINITIONS = (
					"DEBUG=1",
					"$(inherited)",
				);
				GCC_WARN_64_TO_32_BIT_CONVERSION = YES;
				GCC_WARN_ABOUT_RETURN_TYPE = YES_ERROR;
				GCC_WARN_UNDECLARED_SELECTOR = YES;
				GCC_WARN_UNINITIALIZED_AUTOS = YES_AGGRESSIVE;
				GCC_WARN_UNUSED_FUNCTION = YES;
				GCC_WARN_UNUSED_VARIABLE = YES;
				IPHONEOS_DEPLOYMENT_TARGET = 14.0;
				MTL_ENABLE_DEBUG_INFO = INCLUDE_SOURCE;
				MTL_FAST_MATH = YES;
				ONLY_ACTIVE_ARCH = YES;
				SDKROOT = iphoneos;
				SWIFT_ACTIVE_COMPILATION_CONDITIONS = DEBUG;
				SWIFT_OPTIMIZATION_LEVEL = "-Onone";
			};
			name = Debug;
		};
		26C4E85026A40A630087A953 /* Release */ = {
			isa = XCBuildConfiguration;
			buildSettings = {
				ALWAYS_SEARCH_USER_PATHS = NO;
				CLANG_ANALYZER_NONNULL = YES;
				CLANG_ANALYZER_NUMBER_OBJECT_CONVERSION = YES_AGGRESSIVE;
				CLANG_CXX_LANGUAGE_STANDARD = "gnu++14";
				CLANG_CXX_LIBRARY = "libc++";
				CLANG_ENABLE_MODULES = YES;
				CLANG_ENABLE_OBJC_ARC = YES;
				CLANG_ENABLE_OBJC_WEAK = YES;
				CLANG_WARN_BLOCK_CAPTURE_AUTORELEASING = YES;
				CLANG_WARN_BOOL_CONVERSION = YES;
				CLANG_WARN_COMMA = YES;
				CLANG_WARN_CONSTANT_CONVERSION = YES;
				CLANG_WARN_DEPRECATED_OBJC_IMPLEMENTATIONS = YES;
				CLANG_WARN_DIRECT_OBJC_ISA_USAGE = YES_ERROR;
				CLANG_WARN_DOCUMENTATION_COMMENTS = YES;
				CLANG_WARN_EMPTY_BODY = YES;
				CLANG_WARN_ENUM_CONVERSION = YES;
				CLANG_WARN_INFINITE_RECURSION = YES;
				CLANG_WARN_INT_CONVERSION = YES;
				CLANG_WARN_NON_LITERAL_NULL_CONVERSION = YES;
				CLANG_WARN_OBJC_IMPLICIT_RETAIN_SELF = YES;
				CLANG_WARN_OBJC_LITERAL_CONVERSION = YES;
				CLANG_WARN_OBJC_ROOT_CLASS = YES_ERROR;
				CLANG_WARN_QUOTED_INCLUDE_IN_FRAMEWORK_HEADER = YES;
				CLANG_WARN_RANGE_LOOP_ANALYSIS = YES;
				CLANG_WARN_STRICT_PROTOTYPES = YES;
				CLANG_WARN_SUSPICIOUS_MOVE = YES;
				CLANG_WARN_UNGUARDED_AVAILABILITY = YES_AGGRESSIVE;
				CLANG_WARN_UNREACHABLE_CODE = YES;
				CLANG_WARN__DUPLICATE_METHOD_MATCH = YES;
				COPY_PHASE_STRIP = NO;
				DEBUG_INFORMATION_FORMAT = "dwarf-with-dsym";
				ENABLE_NS_ASSERTIONS = NO;
				ENABLE_STRICT_OBJC_MSGSEND = YES;
				GCC_C_LANGUAGE_STANDARD = gnu11;
				GCC_NO_COMMON_BLOCKS = YES;
				GCC_WARN_64_TO_32_BIT_CONVERSION = YES;
				GCC_WARN_ABOUT_RETURN_TYPE = YES_ERROR;
				GCC_WARN_UNDECLARED_SELECTOR = YES;
				GCC_WARN_UNINITIALIZED_AUTOS = YES_AGGRESSIVE;
				GCC_WARN_UNUSED_FUNCTION = YES;
				GCC_WARN_UNUSED_VARIABLE = YES;
				IPHONEOS_DEPLOYMENT_TARGET = 14.0;
				MTL_ENABLE_DEBUG_INFO = NO;
				MTL_FAST_MATH = YES;
				SDKROOT = iphoneos;
				SWIFT_COMPILATION_MODE = wholemodule;
				SWIFT_OPTIMIZATION_LEVEL = "-O";
				VALIDATE_PRODUCT = YES;
			};
			name = Release;
		};
		26C4E85226A40A630087A953 /* Debug */ = {
			isa = XCBuildConfiguration;
			buildSettings = {
				ASSETCATALOG_COMPILER_APPICON_NAME = AppIcon;
				ASSETCATALOG_COMPILER_GLOBAL_ACCENT_COLOR_NAME = AccentColor;
				CODE_SIGN_STYLE = Automatic;
				DEVELOPMENT_ASSET_PATHS = "\"ChattingApp/Preview Content\"";
				ENABLE_PREVIEWS = YES;
				INFOPLIST_FILE = ChattingApp/Info.plist;
				LD_RUNPATH_SEARCH_PATHS = (
					"$(inherited)",
					"@executable_path/Frameworks",
				);
				PRODUCT_BUNDLE_IDENTIFIER = com.test.ChattingApp;
				PRODUCT_NAME = "$(TARGET_NAME)";
				SWIFT_VERSION = 5.0;
				TARGETED_DEVICE_FAMILY = "1,2";
			};
			name = Debug;
		};
		26C4E85326A40A630087A953 /* Release */ = {
			isa = XCBuildConfiguration;
			buildSettings = {
				ASSETCATALOG_COMPILER_APPICON_NAME = AppIcon;
				ASSETCATALOG_COMPILER_GLOBAL_ACCENT_COLOR_NAME = AccentColor;
				CODE_SIGN_STYLE = Automatic;
				DEVELOPMENT_ASSET_PATHS = "\"ChattingApp/Preview Content\"";
				ENABLE_PREVIEWS = YES;
				INFOPLIST_FILE = ChattingApp/Info.plist;
				LD_RUNPATH_SEARCH_PATHS = (
					"$(inherited)",
					"@executable_path/Frameworks",
				);
				PRODUCT_BUNDLE_IDENTIFIER = com.test.ChattingApp;
				PRODUCT_NAME = "$(TARGET_NAME)";
				SWIFT_VERSION = 5.0;
				TARGETED_DEVICE_FAMILY = "1,2";
			};
			name = Release;
		};
		26C4E85526A40A630087A953 /* Debug */ = {
			isa = XCBuildConfiguration;
			buildSettings = {
				ALWAYS_EMBED_SWIFT_STANDARD_LIBRARIES = YES;
				BUNDLE_LOADER = "$(TEST_HOST)";
				CODE_SIGN_STYLE = Automatic;
				INFOPLIST_FILE = ChattingAppTests/Info.plist;
				IPHONEOS_DEPLOYMENT_TARGET = 14.0;
				LD_RUNPATH_SEARCH_PATHS = (
					"$(inherited)",
					"@executable_path/Frameworks",
					"@loader_path/Frameworks",
				);
				PRODUCT_BUNDLE_IDENTIFIER = com.test.ChattingAppTests;
				PRODUCT_NAME = "$(TARGET_NAME)";
				SWIFT_VERSION = 5.0;
				TARGETED_DEVICE_FAMILY = "1,2";
				TEST_HOST = "$(BUILT_PRODUCTS_DIR)/ChattingApp.app/ChattingApp";
			};
			name = Debug;
		};
		26C4E85626A40A630087A953 /* Release */ = {
			isa = XCBuildConfiguration;
			buildSettings = {
				ALWAYS_EMBED_SWIFT_STANDARD_LIBRARIES = YES;
				BUNDLE_LOADER = "$(TEST_HOST)";
				CODE_SIGN_STYLE = Automatic;
				INFOPLIST_FILE = ChattingAppTests/Info.plist;
				IPHONEOS_DEPLOYMENT_TARGET = 14.0;
				LD_RUNPATH_SEARCH_PATHS = (
					"$(inherited)",
					"@executable_path/Frameworks",
					"@loader_path/Frameworks",
				);
				PRODUCT_BUNDLE_IDENTIFIER = com.test.ChattingAppTests;
				PRODUCT_NAME = "$(TARGET_NAME)";
				SWIFT_VERSION = 5.0;
				TARGETED_DEVICE_FAMILY = "1,2";
				TEST_HOST = "$(BUILT_PRODUCTS_DIR)/ChattingApp.app/ChattingApp";
			};
			name = Release;
		};
		26C4E85826A40A630087A953 /* Debug */ = {
			isa = XCBuildConfiguration;
			buildSettings = {
				ALWAYS_EMBED_SWIFT_STANDARD_LIBRARIES = YES;
				CODE_SIGN_STYLE = Automatic;
				INFOPLIST_FILE = ChattingAppUITests/Info.plist;
				LD_RUNPATH_SEARCH_PATHS = (
					"$(inherited)",
					"@executable_path/Frameworks",
					"@loader_path/Frameworks",
				);
				PRODUCT_BUNDLE_IDENTIFIER = com.test.ChattingAppUITests;
				PRODUCT_NAME = "$(TARGET_NAME)";
				SWIFT_VERSION = 5.0;
				TARGETED_DEVICE_FAMILY = "1,2";
				TEST_TARGET_NAME = ChattingApp;
			};
			name = Debug;
		};
		26C4E85926A40A630087A953 /* Release */ = {
			isa = XCBuildConfiguration;
			buildSettings = {
				ALWAYS_EMBED_SWIFT_STANDARD_LIBRARIES = YES;
				CODE_SIGN_STYLE = Automatic;
				INFOPLIST_FILE = ChattingAppUITests/Info.plist;
				LD_RUNPATH_SEARCH_PATHS = (
					"$(inherited)",
					"@executable_path/Frameworks",
					"@loader_path/Frameworks",
				);
				PRODUCT_BUNDLE_IDENTIFIER = com.test.ChattingAppUITests;
				PRODUCT_NAME = "$(TARGET_NAME)";
				SWIFT_VERSION = 5.0;
				TARGETED_DEVICE_FAMILY = "1,2";
				TEST_TARGET_NAME = ChattingApp;
			};
			name = Release;
		};
/* End XCBuildConfiguration section */

/* Begin XCConfigurationList section */
		26C4E82226A40A5F0087A953 /* Build configuration list for PBXProject "ChattingApp" */ = {
			isa = XCConfigurationList;
			buildConfigurations = (
				26C4E84F26A40A630087A953 /* Debug */,
				26C4E85026A40A630087A953 /* Release */,
			);
			defaultConfigurationIsVisible = 0;
			defaultConfigurationName = Release;
		};
		26C4E85126A40A630087A953 /* Build configuration list for PBXNativeTarget "ChattingApp" */ = {
			isa = XCConfigurationList;
			buildConfigurations = (
				26C4E85226A40A630087A953 /* Debug */,
				26C4E85326A40A630087A953 /* Release */,
			);
			defaultConfigurationIsVisible = 0;
			defaultConfigurationName = Release;
		};
		26C4E85426A40A630087A953 /* Build configuration list for PBXNativeTarget "ChattingAppTests" */ = {
			isa = XCConfigurationList;
			buildConfigurations = (
				26C4E85526A40A630087A953 /* Debug */,
				26C4E85626A40A630087A953 /* Release */,
			);
			defaultConfigurationIsVisible = 0;
			defaultConfigurationName = Release;
		};
		26C4E85726A40A630087A953 /* Build configuration list for PBXNativeTarget "ChattingAppUITests" */ = {
			isa = XCConfigurationList;
			buildConfigurations = (
				26C4E85826A40A630087A953 /* Debug */,
				26C4E85926A40A630087A953 /* Release */,
			);
			defaultConfigurationIsVisible = 0;
			defaultConfigurationName = Release;
		};
/* End XCConfigurationList section */
	};
	rootObject = 26C4E81F26A40A5F0087A953 /* Project object */;
}
